# Закреплённые основания сборки веба. Ни одного тега: тег — это подвижная
# ссылка, и «пересобрали из того же коммита» перестало бы означать «то же
# самое» (DEP-001).
#
# Файл растёт по мере появления оснований: GENERATOR_DIGEST нужен уже на
# первом срезе, потому что генерация идёт закреплённым образом генератора;
# NODE_DIGEST, NODE_MAJOR и NGINX_DIGEST дописываются вместе с Dockerfile.
#
# Значений по умолчанию нет ни у одного: сборка без них падает, а не
# подставляет «что-нибудь похожее».

GENERATOR_DIGEST=sha256:f2054a5a7908ad81017d0f0839514ba5eab06ae628914ff71554d46fac1bcf7a
